// !$*UTF8*$!
{
	archiveVersion = 1;
	classes = {
	};
	objectVersion = 56;
	objects = {

/* Begin PBXBuildFile section */
		3B1D33AD2C7C6E2300E248AA /* TestDViewController.swift in Sources */ = {isa = PBXBuildFile; fileRef = 3B1D33AC2C7C6E2300E248AA /* TestDViewController.swift */; };
		3B24D5EF2C5B708B00CB3008 /* DIN-Medium.otf in Resources */ = {isa = PBXBuildFile; fileRef = 3B24D5EC2C5B708B00CB3008 /* DIN-Medium.otf */; };
		3B24D5F02C5B708B00CB3008 /* DIN-Bold.otf in Resources */ = {isa = PBXBuildFile; fileRef = 3B24D5ED2C5B708B00CB3008 /* DIN-Bold.otf */; };
		3B24D5F12C5B708B00CB3008 /* DIN-Regular.otf in Resources */ = {isa = PBXBuildFile; fileRef = 3B24D5EE2C5B708B00CB3008 /* DIN-Regular.otf */; };
		3B24D5F62C5B794400CB3008 /* HomeNavigationBar.swift in Sources */ = {isa = PBXBuildFile; fileRef = 3B24D5F52C5B794400CB3008 /* HomeNavigationBar.swift */; };
		3B24D5F82C5B795300CB3008 /* HomeNavigationBar.xib in Resources */ = {isa = PBXBuildFile; fileRef = 3B24D5F72C5B795300CB3008 /* HomeNavigationBar.xib */; };
		3B24D5FA2C5B821400CB3008 /* Common.swift in Sources */ = {isa = PBXBuildFile; fileRef = 3B24D5F92C5B821400CB3008 /* Common.swift */; };
		3B24D6002C5B92CA00CB3008 /* Owns.storyboard in Resources */ = {isa = PBXBuildFile; fileRef = 3B24D5FF2C5B92CA00CB3008 /* Owns.storyboard */; };
		3B24D6022C5B92ED00CB3008 /* Fund.storyboard in Resources */ = {isa = PBXBuildFile; fileRef = 3B24D6012C5B92ED00CB3008 /* Fund.storyboard */; };
		3B24D6042C5B931700CB3008 /* Mine.storyboard in Resources */ = {isa = PBXBuildFile; fileRef = 3B24D6032C5B931700CB3008 /* Mine.storyboard */; };
		3B2BACCA2C72F61400CCA3F2 /* IndividualController.swift in Sources */ = {isa = PBXBuildFile; fileRef = 3B2BACC92C72F61300CCA3F2 /* IndividualController.swift */; };
		3B2BACCD2C72F67B00CCA3F2 /* IndividualViewModel.swift in Sources */ = {isa = PBXBuildFile; fileRef = 3B2BACCC2C72F67A00CCA3F2 /* IndividualViewModel.swift */; };
		3B2FCB102C731AD400928702 /* StockData.swift in Sources */ = {isa = PBXBuildFile; fileRef = 3B2FCB0F2C731AD400928702 /* StockData.swift */; };
		3B7B45B72C7C1A5D0053A4B6 /* CustomTextField.swift in Sources */ = {isa = PBXBuildFile; fileRef = 3B7B45B62C7C1A5D0053A4B6 /* CustomTextField.swift */; };
		3B7B45C72C7C1B7F0053A4B6 /* SnowHeader.swift in Sources */ = {isa = PBXBuildFile; fileRef = 3B7B45C62C7C1B7F0053A4B6 /* SnowHeader.swift */; };
		3B7B45CE2C7C1EF40053A4B6 /* IndividualContainerController.swift in Sources */ = {isa = PBXBuildFile; fileRef = 3B7B45CD2C7C1EF40053A4B6 /* IndividualContainerController.swift */; };
		3B8231C72C51DBBC00425B7D /* HomeTableViewCell.swift in Sources */ = {isa = PBXBuildFile; fileRef = 3B8231C62C51DBBC00425B7D /* HomeTableViewCell.swift */; };
		3B8EC55B2C90210000D64E77 /* MarketsIconGroupView.swift in Sources */ = {isa = PBXBuildFile; fileRef = 3B8EC55A2C90210000D64E77 /* MarketsIconGroupView.swift */; };
		3B96E1372C8939E800C17AE5 /* TGCoreKit.framework in Frameworks */ = {isa = PBXBuildFile; fileRef = 3B96E1342C8939DB00C17AE5 /* TGCoreKit.framework */; };
		3B96E1382C8939E800C17AE5 /* TGCoreKit.framework in Embed Frameworks */ = {isa = PBXBuildFile; fileRef = 3B96E1342C8939DB00C17AE5 /* TGCoreKit.framework */; settings = {ATTRIBUTES = (CodeSignOnCopy, RemoveHeadersOnCopy, ); }; };
		3B98BDC42C58F20C000DF638 /* UITabBar+Extension.swift in Sources */ = {isa = PBXBuildFile; fileRef = 3B98BDC32C58F20C000DF638 /* UITabBar+Extension.swift */; };
		3B98BE072C5B61EE000DF638 /* tabbar_me_night.json in Resources */ = {isa = PBXBuildFile; fileRef = 3B98BDFE2C5B61ED000DF638 /* tabbar_me_night.json */; };
		3B98BE082C5B61EE000DF638 /* tabbar_fund_day.json in Resources */ = {isa = PBXBuildFile; fileRef = 3B98BDFF2C5B61ED000DF638 /* tabbar_fund_day.json */; };
		3B98BE092C5B61EE000DF638 /* tabbar_owns_night.json in Resources */ = {isa = PBXBuildFile; fileRef = 3B98BE002C5B61ED000DF638 /* tabbar_owns_night.json */; };
		3B98BE0A2C5B61EE000DF638 /* tabbar_home.json in Resources */ = {isa = PBXBuildFile; fileRef = 3B98BE012C5B61ED000DF638 /* tabbar_home.json */; };
		3B98BE0B2C5B61EE000DF638 /* tabbar_pe_night.json in Resources */ = {isa = PBXBuildFile; fileRef = 3B98BE022C5B61ED000DF638 /* tabbar_pe_night.json */; };
		3B98BE0C2C5B61EE000DF638 /* tabbar_me_day.json in Resources */ = {isa = PBXBuildFile; fileRef = 3B98BE032C5B61EE000DF638 /* tabbar_me_day.json */; };
		3B98BE0D2C5B61EE000DF638 /* tabbar_fund_night.json in Resources */ = {isa = PBXBuildFile; fileRef = 3B98BE042C5B61EE000DF638 /* tabbar_fund_night.json */; };
		3B98BE0E2C5B61EE000DF638 /* tabbar_owns_day.json in Resources */ = {isa = PBXBuildFile; fileRef = 3B98BE052C5B61EE000DF638 /* tabbar_owns_day.json */; };
		3B98BE0F2C5B61EE000DF638 /* tabbar_pe_day.json in Resources */ = {isa = PBXBuildFile; fileRef = 3B98BE062C5B61EE000DF638 /* tabbar_pe_day.json */; };
		3B98BE112C5B6480000DF638 /* Home.storyboard in Resources */ = {isa = PBXBuildFile; fileRef = 3B98BE102C5B6480000DF638 /* Home.storyboard */; };
		3BA678062C7EFECB000A505E /* TestEViewController.swift in Sources */ = {isa = PBXBuildFile; fileRef = 3BA678052C7EFECB000A505E /* TestEViewController.swift */; };
		3BA678082C7F0F4A000A505E /* IndividualTestController.swift in Sources */ = {isa = PBXBuildFile; fileRef = 3BA678072C7F0F4A000A505E /* IndividualTestController.swift */; };
		3BACDC592C51FDCB00D2C43D /* NetworkTool.swift in Sources */ = {isa = PBXBuildFile; fileRef = 3BACDC582C51FDCB00D2C43D /* NetworkTool.swift */; };
		3BACDC5B2C521D4700D2C43D /* HomeViewModel.swift in Sources */ = {isa = PBXBuildFile; fileRef = 3BACDC5A2C521D4700D2C43D /* HomeViewModel.swift */; };
		3BACDC5E2C521D8400D2C43D /* HomeService.swift in Sources */ = {isa = PBXBuildFile; fileRef = 3BACDC5D2C521D8400D2C43D /* HomeService.swift */; };
		3BACDC602C5224EE00D2C43D /* HomeFlowModel.swift in Sources */ = {isa = PBXBuildFile; fileRef = 3BACDC5F2C5224EE00D2C43D /* HomeFlowModel.swift */; };
		3BACDC672C522F1500D2C43D /* Observable.swift in Sources */ = {isa = PBXBuildFile; fileRef = 3BACDC662C522F1500D2C43D /* Observable.swift */; };
		3BACDC692C52302C00D2C43D /* HomeCellViewModel.swift in Sources */ = {isa = PBXBuildFile; fileRef = 3BACDC682C52302C00D2C43D /* HomeCellViewModel.swift */; };
		3BAF45D72C903CF6002064D9 /* MarketsSectionHeaderView.swift in Sources */ = {isa = PBXBuildFile; fileRef = 3BAF45D62C903CF6002064D9 /* MarketsSectionHeaderView.swift */; };
		3BB580352C46017200378F66 /* AppDelegate.swift in Sources */ = {isa = PBXBuildFile; fileRef = 3BB580342C46017200378F66 /* AppDelegate.swift */; };
		3BB580372C46017200378F66 /* SceneDelegate.swift in Sources */ = {isa = PBXBuildFile; fileRef = 3BB580362C46017200378F66 /* SceneDelegate.swift */; };
		3BB5803C2C46017200378F66 /* Main.storyboard in Resources */ = {isa = PBXBuildFile; fileRef = 3BB5803A2C46017200378F66 /* Main.storyboard */; };
		3BB5803E2C46017500378F66 /* Assets.xcassets in Resources */ = {isa = PBXBuildFile; fileRef = 3BB5803D2C46017500378F66 /* Assets.xcassets */; };
		3BB580412C46017500378F66 /* LaunchScreen.storyboard in Resources */ = {isa = PBXBuildFile; fileRef = 3BB5803F2C46017500378F66 /* LaunchScreen.storyboard */; };
		3BB581252C460FCA00378F66 /* HomeViewController.swift in Sources */ = {isa = PBXBuildFile; fileRef = 3BB581242C460FCA00378F66 /* HomeViewController.swift */; };
		3BB581282C460FFF00378F66 /* BaseNavigationController.swift in Sources */ = {isa = PBXBuildFile; fileRef = 3BB581272C460FFF00378F66 /* BaseNavigationController.swift */; };
		3BB5812A2C4610DC00378F66 /* BaseViewController.swift in Sources */ = {isa = PBXBuildFile; fileRef = 3BB581292C4610DC00378F66 /* BaseViewController.swift */; };
		3BB583452C464D7500378F66 /* BaseTabBarController.swift in Sources */ = {isa = PBXBuildFile; fileRef = 3BB583442C464D7400378F66 /* BaseTabBarController.swift */; };
		3BB5866B2C466D9E00378F66 /* UIImage+Extensions.swift in Sources */ = {isa = PBXBuildFile; fileRef = 3BB5866A2C466D9E00378F66 /* UIImage+Extensions.swift */; };
		3BB5866D2C4679C600378F66 /* UIViewController+Extensions.swift in Sources */ = {isa = PBXBuildFile; fileRef = 3BB5866C2C4679C600378F66 /* UIViewController+Extensions.swift */; };
		3BC081FB2C8FE6C5005BCB71 /* MarketsHSViewController.swift in Sources */ = {isa = PBXBuildFile; fileRef = 3BC081FA2C8FE6C5005BCB71 /* MarketsHSViewController.swift */; };
		3BC082002C8FE7C2005BCB71 /* MarketsBlockView.swift in Sources */ = {isa = PBXBuildFile; fileRef = 3BC081FF2C8FE7C2005BCB71 /* MarketsBlockView.swift */; };
		3BC082022C8FEB02005BCB71 /* MarketsBlockGroupView.swift in Sources */ = {isa = PBXBuildFile; fileRef = 3BC082012C8FEB02005BCB71 /* MarketsBlockGroupView.swift */; };
		3BE0873B2C85AFC100577796 /* IndividualStockController.swift in Sources */ = {isa = PBXBuildFile; fileRef = 3BE0873A2C85AFC100577796 /* IndividualStockController.swift */; };
		3BE087422C85C02600577796 /* ListViewController.swift in Sources */ = {isa = PBXBuildFile; fileRef = 3BE0873F2C85C02600577796 /* ListViewController.swift */; };
		3BE6EA952C86EB80000C00C7 /* MarketsController.swift in Sources */ = {isa = PBXBuildFile; fileRef = 3BE6EA942C86EB80000C00C7 /* MarketsController.swift */; };
		3BE6EA972C86FB1F000C00C7 /* MarketsAViewController.swift in Sources */ = {isa = PBXBuildFile; fileRef = 3BE6EA962C86FB1F000C00C7 /* MarketsAViewController.swift */; };
		6566170A41DC5596EBF51F40 /* Pods_Snow.framework in Frameworks */ = {isa = PBXBuildFile; fileRef = 6AF99AA0EAA4AC3D4EBB86A5 /* Pods_Snow.framework */; };
/* End PBXBuildFile section */

/* Begin PBXContainerItemProxy section */
		3B96E1332C8939DB00C17AE5 /* PBXContainerItemProxy */ = {
			isa = PBXContainerItemProxy;
			containerPortal = 3B96E12E2C8939DB00C17AE5 /* TGCoreKit.xcodeproj */;
			proxyType = 2;
			remoteGlobalIDString = 3BD696C22C6CB7F2007E837B;
			remoteInfo = TGCoreKit;
		};
		3B96E1352C8939DB00C17AE5 /* PBXContainerItemProxy */ = {
			isa = PBXContainerItemProxy;
			containerPortal = 3B96E12E2C8939DB00C17AE5 /* TGCoreKit.xcodeproj */;
			proxyType = 2;
			remoteGlobalIDString = 3BD696DD2C6DEE2D007E837B;
			remoteInfo = TGCoreKitTests;
		};
/* End PBXContainerItemProxy section */

/* Begin PBXCopyFilesBuildPhase section */
		3B7B45C32C7C1AB60053A4B6 /* Embed Frameworks */ = {
			isa = PBXCopyFilesBuildPhase;
			buildActionMask = 2147483647;
			dstPath = "";
			dstSubfolderSpec = 10;
			files = (
				3B96E1382C8939E800C17AE5 /* TGCoreKit.framework in Embed Frameworks */,
			);
			name = "Embed Frameworks";
			runOnlyForDeploymentPostprocessing = 0;
		};
/* End PBXCopyFilesBuildPhase section */

/* Begin PBXFileReference section */
		3B1D33AC2C7C6E2300E248AA /* TestDViewController.swift */ = {isa = PBXFileReference; lastKnownFileType = sourcecode.swift; path = TestDViewController.swift; sourceTree = "<group>"; };
		3B24D5EC2C5B708B00CB3008 /* DIN-Medium.otf */ = {isa = PBXFileReference; lastKnownFileType = file; path = "DIN-Medium.otf"; sourceTree = "<group>"; };
		3B24D5ED2C5B708B00CB3008 /* DIN-Bold.otf */ = {isa = PBXFileReference; lastKnownFileType = file; path = "DIN-Bold.otf"; sourceTree = "<group>"; };
		3B24D5EE2C5B708B00CB3008 /* DIN-Regular.otf */ = {isa = PBXFileReference; lastKnownFileType = file; path = "DIN-Regular.otf"; sourceTree = "<group>"; };
		3B24D5F52C5B794400CB3008 /* HomeNavigationBar.swift */ = {isa = PBXFileReference; lastKnownFileType = sourcecode.swift; path = HomeNavigationBar.swift; sourceTree = "<group>"; };
		3B24D5F72C5B795300CB3008 /* HomeNavigationBar.xib */ = {isa = PBXFileReference; lastKnownFileType = file.xib; path = HomeNavigationBar.xib; sourceTree = "<group>"; };
		3B24D5F92C5B821400CB3008 /* Common.swift */ = {isa = PBXFileReference; lastKnownFileType = sourcecode.swift; path = Common.swift; sourceTree = "<group>"; };
		3B24D5FF2C5B92CA00CB3008 /* Owns.storyboard */ = {isa = PBXFileReference; fileEncoding = 4; lastKnownFileType = file.storyboard; path = Owns.storyboard; sourceTree = "<group>"; };
		3B24D6012C5B92ED00CB3008 /* Fund.storyboard */ = {isa = PBXFileReference; fileEncoding = 4; lastKnownFileType = file.storyboard; path = Fund.storyboard; sourceTree = "<group>"; };
		3B24D6032C5B931700CB3008 /* Mine.storyboard */ = {isa = PBXFileReference; fileEncoding = 4; lastKnownFileType = file.storyboard; path = Mine.storyboard; sourceTree = "<group>"; };
		3B2BACC92C72F61300CCA3F2 /* IndividualController.swift */ = {isa = PBXFileReference; lastKnownFileType = sourcecode.swift; path = IndividualController.swift; sourceTree = "<group>"; };
		3B2BACCC2C72F67A00CCA3F2 /* IndividualViewModel.swift */ = {isa = PBXFileReference; lastKnownFileType = sourcecode.swift; path = IndividualViewModel.swift; sourceTree = "<group>"; };
		3B2FCB0F2C731AD400928702 /* StockData.swift */ = {isa = PBXFileReference; lastKnownFileType = sourcecode.swift; path = StockData.swift; sourceTree = "<group>"; };
		3B7B45B62C7C1A5D0053A4B6 /* CustomTextField.swift */ = {isa = PBXFileReference; fileEncoding = 4; lastKnownFileType = sourcecode.swift; path = CustomTextField.swift; sourceTree = "<group>"; };
		3B7B45C62C7C1B7F0053A4B6 /* SnowHeader.swift */ = {isa = PBXFileReference; lastKnownFileType = sourcecode.swift; path = SnowHeader.swift; sourceTree = "<group>"; };
		3B7B45CD2C7C1EF40053A4B6 /* IndividualContainerController.swift */ = {isa = PBXFileReference; lastKnownFileType = sourcecode.swift; path = IndividualContainerController.swift; sourceTree = "<group>"; };
		3B8231C62C51DBBC00425B7D /* HomeTableViewCell.swift */ = {isa = PBXFileReference; lastKnownFileType = sourcecode.swift; path = HomeTableViewCell.swift; sourceTree = "<group>"; };
		3B8EC55A2C90210000D64E77 /* MarketsIconGroupView.swift */ = {isa = PBXFileReference; lastKnownFileType = sourcecode.swift; path = MarketsIconGroupView.swift; sourceTree = "<group>"; };
		3B96E12E2C8939DB00C17AE5 /* TGCoreKit.xcodeproj */ = {isa = PBXFileReference; lastKnownFileType = "wrapper.pb-project"; name = TGCoreKit.xcodeproj; path = ../../TGCoreKit/TGCoreKit.xcodeproj; sourceTree = "<group>"; };
		3B98BDC32C58F20C000DF638 /* UITabBar+Extension.swift */ = {isa = PBXFileReference; lastKnownFileType = sourcecode.swift; path = "UITabBar+Extension.swift"; sourceTree = "<group>"; };
		3B98BDFE2C5B61ED000DF638 /* tabbar_me_night.json */ = {isa = PBXFileReference; fileEncoding = 4; lastKnownFileType = text.json; path = tabbar_me_night.json; sourceTree = "<group>"; };
		3B98BDFF2C5B61ED000DF638 /* tabbar_fund_day.json */ = {isa = PBXFileReference; fileEncoding = 4; lastKnownFileType = text.json; path = tabbar_fund_day.json; sourceTree = "<group>"; };
		3B98BE002C5B61ED000DF638 /* tabbar_owns_night.json */ = {isa = PBXFileReference; fileEncoding = 4; lastKnownFileType = text.json; path = tabbar_owns_night.json; sourceTree = "<group>"; };
		3B98BE012C5B61ED000DF638 /* tabbar_home.json */ = {isa = PBXFileReference; fileEncoding = 4; lastKnownFileType = text.json; path = tabbar_home.json; sourceTree = "<group>"; };
		3B98BE022C5B61ED000DF638 /* tabbar_pe_night.json */ = {isa = PBXFileReference; fileEncoding = 4; lastKnownFileType = text.json; path = tabbar_pe_night.json; sourceTree = "<group>"; };
		3B98BE032C5B61EE000DF638 /* tabbar_me_day.json */ = {isa = PBXFileReference; fileEncoding = 4; lastKnownFileType = text.json; path = tabbar_me_day.json; sourceTree = "<group>"; };
		3B98BE042C5B61EE000DF638 /* tabbar_fund_night.json */ = {isa = PBXFileReference; fileEncoding = 4; lastKnownFileType = text.json; path = tabbar_fund_night.json; sourceTree = "<group>"; };
		3B98BE052C5B61EE000DF638 /* tabbar_owns_day.json */ = {isa = PBXFileReference; fileEncoding = 4; lastKnownFileType = text.json; path = tabbar_owns_day.json; sourceTree = "<group>"; };
		3B98BE062C5B61EE000DF638 /* tabbar_pe_day.json */ = {isa = PBXFileReference; fileEncoding = 4; lastKnownFileType = text.json; path = tabbar_pe_day.json; sourceTree = "<group>"; };
		3B98BE102C5B6480000DF638 /* Home.storyboard */ = {isa = PBXFileReference; fileEncoding = 4; lastKnownFileType = file.storyboard; path = Home.storyboard; sourceTree = "<group>"; };
		3BA678052C7EFECB000A505E /* TestEViewController.swift */ = {isa = PBXFileReference; lastKnownFileType = sourcecode.swift; path = TestEViewController.swift; sourceTree = "<group>"; };
		3BA678072C7F0F4A000A505E /* IndividualTestController.swift */ = {isa = PBXFileReference; lastKnownFileType = sourcecode.swift; path = IndividualTestController.swift; sourceTree = "<group>"; };
		3BACDC582C51FDCB00D2C43D /* NetworkTool.swift */ = {isa = PBXFileReference; lastKnownFileType = sourcecode.swift; path = NetworkTool.swift; sourceTree = "<group>"; };
		3BACDC5A2C521D4700D2C43D /* HomeViewModel.swift */ = {isa = PBXFileReference; lastKnownFileType = sourcecode.swift; path = HomeViewModel.swift; sourceTree = "<group>"; };
		3BACDC5D2C521D8400D2C43D /* HomeService.swift */ = {isa = PBXFileReference; lastKnownFileType = sourcecode.swift; path = HomeService.swift; sourceTree = "<group>"; };
		3BACDC5F2C5224EE00D2C43D /* HomeFlowModel.swift */ = {isa = PBXFileReference; lastKnownFileType = sourcecode.swift; path = HomeFlowModel.swift; sourceTree = "<group>"; };
		3BACDC662C522F1500D2C43D /* Observable.swift */ = {isa = PBXFileReference; lastKnownFileType = sourcecode.swift; path = Observable.swift; sourceTree = "<group>"; };
		3BACDC682C52302C00D2C43D /* HomeCellViewModel.swift */ = {isa = PBXFileReference; lastKnownFileType = sourcecode.swift; path = HomeCellViewModel.swift; sourceTree = "<group>"; };
		3BAF45D62C903CF6002064D9 /* MarketsSectionHeaderView.swift */ = {isa = PBXFileReference; lastKnownFileType = sourcecode.swift; path = MarketsSectionHeaderView.swift; sourceTree = "<group>"; };
		3BB580312C46017200378F66 /* Snow.app */ = {isa = PBXFileReference; explicitFileType = wrapper.application; includeInIndex = 0; path = Snow.app; sourceTree = BUILT_PRODUCTS_DIR; };
		3BB580342C46017200378F66 /* AppDelegate.swift */ = {isa = PBXFileReference; lastKnownFileType = sourcecode.swift; path = AppDelegate.swift; sourceTree = "<group>"; };
		3BB580362C46017200378F66 /* SceneDelegate.swift */ = {isa = PBXFileReference; lastKnownFileType = sourcecode.swift; path = SceneDelegate.swift; sourceTree = "<group>"; };
		3BB5803B2C46017200378F66 /* Base */ = {isa = PBXFileReference; lastKnownFileType = file.storyboard; name = Base; path = Base.lproj/Main.storyboard; sourceTree = "<group>"; };
		3BB5803D2C46017500378F66 /* Assets.xcassets */ = {isa = PBXFileReference; lastKnownFileType = folder.assetcatalog; path = Assets.xcassets; sourceTree = "<group>"; };
		3BB580402C46017500378F66 /* Base */ = {isa = PBXFileReference; lastKnownFileType = file.storyboard; name = Base; path = Base.lproj/LaunchScreen.storyboard; sourceTree = "<group>"; };
		3BB580422C46017500378F66 /* Info.plist */ = {isa = PBXFileReference; lastKnownFileType = text.plist.xml; path = Info.plist; sourceTree = "<group>"; };
		3BB581242C460FCA00378F66 /* HomeViewController.swift */ = {isa = PBXFileReference; lastKnownFileType = sourcecode.swift; path = HomeViewController.swift; sourceTree = "<group>"; };
		3BB581272C460FFF00378F66 /* BaseNavigationController.swift */ = {isa = PBXFileReference; lastKnownFileType = sourcecode.swift; path = BaseNavigationController.swift; sourceTree = "<group>"; };
		3BB581292C4610DC00378F66 /* BaseViewController.swift */ = {isa = PBXFileReference; lastKnownFileType = sourcecode.swift; path = BaseViewController.swift; sourceTree = "<group>"; };
		3BB583442C464D7400378F66 /* BaseTabBarController.swift */ = {isa = PBXFileReference; lastKnownFileType = sourcecode.swift; path = BaseTabBarController.swift; sourceTree = "<group>"; };
		3BB5866A2C466D9E00378F66 /* UIImage+Extensions.swift */ = {isa = PBXFileReference; lastKnownFileType = sourcecode.swift; path = "UIImage+Extensions.swift"; sourceTree = "<group>"; };
		3BB5866C2C4679C600378F66 /* UIViewController+Extensions.swift */ = {isa = PBXFileReference; lastKnownFileType = sourcecode.swift; path = "UIViewController+Extensions.swift"; sourceTree = "<group>"; };
		3BC081FA2C8FE6C5005BCB71 /* MarketsHSViewController.swift */ = {isa = PBXFileReference; lastKnownFileType = sourcecode.swift; path = MarketsHSViewController.swift; sourceTree = "<group>"; };
		3BC081FF2C8FE7C2005BCB71 /* MarketsBlockView.swift */ = {isa = PBXFileReference; lastKnownFileType = sourcecode.swift; path = MarketsBlockView.swift; sourceTree = "<group>"; };
		3BC082012C8FEB02005BCB71 /* MarketsBlockGroupView.swift */ = {isa = PBXFileReference; lastKnownFileType = sourcecode.swift; path = MarketsBlockGroupView.swift; sourceTree = "<group>"; };
		3BE0873A2C85AFC100577796 /* IndividualStockController.swift */ = {isa = PBXFileReference; lastKnownFileType = sourcecode.swift; path = IndividualStockController.swift; sourceTree = "<group>"; };
		3BE0873F2C85C02600577796 /* ListViewController.swift */ = {isa = PBXFileReference; fileEncoding = 4; lastKnownFileType = sourcecode.swift; path = ListViewController.swift; sourceTree = "<group>"; };
		3BE6EA942C86EB80000C00C7 /* MarketsController.swift */ = {isa = PBXFileReference; lastKnownFileType = sourcecode.swift; path = MarketsController.swift; sourceTree = "<group>"; };
		3BE6EA962C86FB1F000C00C7 /* MarketsAViewController.swift */ = {isa = PBXFileReference; lastKnownFileType = sourcecode.swift; path = MarketsAViewController.swift; sourceTree = "<group>"; };
		6AF99AA0EAA4AC3D4EBB86A5 /* Pods_Snow.framework */ = {isa = PBXFileReference; explicitFileType = wrapper.framework; includeInIndex = 0; path = Pods_Snow.framework; sourceTree = BUILT_PRODUCTS_DIR; };
		934FF5F750C686C8F05C7EE8 /* Pods-Snow.release.xcconfig */ = {isa = PBXFileReference; includeInIndex = 1; lastKnownFileType = text.xcconfig; name = "Pods-Snow.release.xcconfig"; path = "Target Support Files/Pods-Snow/Pods-Snow.release.xcconfig"; sourceTree = "<group>"; };
		AC1224AA378DC101E43323AA /* Pods-Snow.debug.xcconfig */ = {isa = PBXFileReference; includeInIndex = 1; lastKnownFileType = text.xcconfig; name = "Pods-Snow.debug.xcconfig"; path = "Target Support Files/Pods-Snow/Pods-Snow.debug.xcconfig"; sourceTree = "<group>"; };
/* End PBXFileReference section */

/* Begin PBXFrameworksBuildPhase section */
		3BB5802E2C46017200378F66 /* Frameworks */ = {
			isa = PBXFrameworksBuildPhase;
			buildActionMask = 2147483647;
			files = (
				6566170A41DC5596EBF51F40 /* Pods_Snow.framework in Frameworks */,
				3B96E1372C8939E800C17AE5 /* TGCoreKit.framework in Frameworks */,
			);
			runOnlyForDeploymentPostprocessing = 0;
		};
/* End PBXFrameworksBuildPhase section */

/* Begin PBXGroup section */
		3B24D5EA2C5B707400CB3008 /* Json */ = {
			isa = PBXGroup;
			children = (
				3B98BDFF2C5B61ED000DF638 /* tabbar_fund_day.json */,
				3B98BE042C5B61EE000DF638 /* tabbar_fund_night.json */,
				3B98BE012C5B61ED000DF638 /* tabbar_home.json */,
				3B98BE032C5B61EE000DF638 /* tabbar_me_day.json */,
				3B98BDFE2C5B61ED000DF638 /* tabbar_me_night.json */,
				3B98BE052C5B61EE000DF638 /* tabbar_owns_day.json */,
				3B98BE002C5B61ED000DF638 /* tabbar_owns_night.json */,
				3B98BE062C5B61EE000DF638 /* tabbar_pe_day.json */,
				3B98BE022C5B61ED000DF638 /* tabbar_pe_night.json */,
			);
			path = Json;
			sourceTree = "<group>";
		};
		3B24D5EB2C5B708100CB3008 /* Font */ = {
			isa = PBXGroup;
			children = (
				3B24D5ED2C5B708B00CB3008 /* DIN-Bold.otf */,
				3B24D5EC2C5B708B00CB3008 /* DIN-Medium.otf */,
				3B24D5EE2C5B708B00CB3008 /* DIN-Regular.otf */,
			);
			path = Font;
			sourceTree = "<group>";
		};
		3B2BACC72C72F5C900CCA3F2 /* Controller */ = {
			isa = PBXGroup;
			children = (
				3B7B45CD2C7C1EF40053A4B6 /* IndividualContainerController.swift */,
				3BE0873A2C85AFC100577796 /* IndividualStockController.swift */,
				3BA678072C7F0F4A000A505E /* IndividualTestController.swift */,
				3BE0873F2C85C02600577796 /* ListViewController.swift */,
				3B2BACC92C72F61300CCA3F2 /* IndividualController.swift */,
			);
			path = Controller;
			sourceTree = "<group>";
		};
		3B2BACC82C72F5D500CCA3F2 /* Individual */ = {
			isa = PBXGroup;
			children = (
				3B2FCB0E2C731A2000928702 /* Model */,
				3B2BACCB2C72F65B00CCA3F2 /* ViewModel */,
				3B2BACC72C72F5C900CCA3F2 /* Controller */,
			);
			path = Individual;
			sourceTree = "<group>";
		};
		3B2BACCB2C72F65B00CCA3F2 /* ViewModel */ = {
			isa = PBXGroup;
			children = (
				3B2BACCC2C72F67A00CCA3F2 /* IndividualViewModel.swift */,
			);
			path = ViewModel;
			sourceTree = "<group>";
		};
		3B2FCB0E2C731A2000928702 /* Model */ = {
			isa = PBXGroup;
			children = (
				3B2FCB0F2C731AD400928702 /* StockData.swift */,
			);
			path = Model;
			sourceTree = "<group>";
		};
		3B7B45B52C7C1A5D0053A4B6 /* Main */ = {
			isa = PBXGroup;
			children = (
				3B7B45B62C7C1A5D0053A4B6 /* CustomTextField.swift */,
			);
			path = Main;
			sourceTree = "<group>";
		};
		3B96E12F2C8939DB00C17AE5 /* Products */ = {
			isa = PBXGroup;
			children = (
				3B96E1342C8939DB00C17AE5 /* TGCoreKit.framework */,
				3B96E1362C8939DB00C17AE5 /* TGCoreKitTests.xctest */,
			);
			name = Products;
			sourceTree = "<group>";
		};
		3B98BDA82C574410000DF638 /* Resources */ = {
			isa = PBXGroup;
			children = (
				3B24D5EB2C5B708100CB3008 /* Font */,
				3B24D5EA2C5B707400CB3008 /* Json */,
			);
			path = Resources;
			sourceTree = "<group>";
		};
		3BA678022C7EFD23000A505E /* PageController */ = {
			isa = PBXGroup;
			children = (
				3B1D33AC2C7C6E2300E248AA /* TestDViewController.swift */,
				3BA678052C7EFECB000A505E /* TestEViewController.swift */,
			);
			path = PageController;
			sourceTree = "<group>";
		};
		3BACDC542C51F27900D2C43D /* Network */ = {
			isa = PBXGroup;
			children = (
				3BACDC582C51FDCB00D2C43D /* NetworkTool.swift */,
			);
			path = Network;
			sourceTree = "<group>";
		};
		3BACDC5C2C521D7600D2C43D /* Services */ = {
			isa = PBXGroup;
			children = (
				3BACDC5D2C521D8400D2C43D /* HomeService.swift */,
			);
			path = Services;
			sourceTree = "<group>";
		};
		3BACDC612C52263E00D2C43D /* User */ = {
			isa = PBXGroup;
			children = (
				3BACDC622C52264500D2C43D /* Model */,
			);
			path = User;
			sourceTree = "<group>";
		};
		3BACDC622C52264500D2C43D /* Model */ = {
			isa = PBXGroup;
			children = (
			);
			path = Model;
			sourceTree = "<group>";
		};
		3BB580282C46017200378F66 = {
			isa = PBXGroup;
			children = (
				3B96E12E2C8939DB00C17AE5 /* TGCoreKit.xcodeproj */,
				3BB580332C46017200378F66 /* Snow */,
				3BB580322C46017200378F66 /* Products */,
				9C5BD471113397DCD485D27D /* Pods */,
				B1E5A2FDFB74661F1A5C1226 /* Frameworks */,
			);
			sourceTree = "<group>";
		};
		3BB580322C46017200378F66 /* Products */ = {
			isa = PBXGroup;
			children = (
				3BB580312C46017200378F66 /* Snow.app */,
			);
			name = Products;
			sourceTree = "<group>";
		};
		3BB580332C46017200378F66 /* Snow */ = {
			isa = PBXGroup;
			children = (
				3BA678022C7EFD23000A505E /* PageController */,
				3B98BDA82C574410000DF638 /* Resources */,
				3BACDC542C51F27900D2C43D /* Network */,
				3BB581202C460F3500378F66 /* Tools */,
				3BB5811B2C460EFE00378F66 /* Modules */,
				3BB580342C46017200378F66 /* AppDelegate.swift */,
				3BB580362C46017200378F66 /* SceneDelegate.swift */,
				3BB5803A2C46017200378F66 /* Main.storyboard */,
				3BB5803D2C46017500378F66 /* Assets.xcassets */,
				3BB5803F2C46017500378F66 /* LaunchScreen.storyboard */,
				3BB580422C46017500378F66 /* Info.plist */,
				3B7B45C62C7C1B7F0053A4B6 /* SnowHeader.swift */,
			);
			path = Snow;
			sourceTree = "<group>";
		};
		3BB5811B2C460EFE00378F66 /* Modules */ = {
			isa = PBXGroup;
			children = (
				3B7B45B52C7C1A5D0053A4B6 /* Main */,
				3BACDC612C52263E00D2C43D /* User */,
				3BB581262C460FE100378F66 /* Base */,
				3BB5811F2C460F2C00378F66 /* Mine */,
				3BB5811E2C460F2300378F66 /* Fund */,
				3BB5811D2C460F1000378F66 /* Watchlist */,
				3BB5811C2C460F0A00378F66 /* Home */,
			);
			path = Modules;
			sourceTree = "<group>";
		};
		3BB5811C2C460F0A00378F66 /* Home */ = {
			isa = PBXGroup;
			children = (
				3BACDC5C2C521D7600D2C43D /* Services */,
				3BB581232C460FA900378F66 /* ViewModels */,
				3BB581222C460FA400378F66 /* Models */,
				3BB581212C460F9E00378F66 /* Views */,
			);
			path = Home;
			sourceTree = "<group>";
		};
		3BB5811D2C460F1000378F66 /* Watchlist */ = {
			isa = PBXGroup;
			children = (
				3BE6EA922C86EB66000C00C7 /* Market */,
				3B2BACC82C72F5D500CCA3F2 /* Individual */,
				3B24D5FF2C5B92CA00CB3008 /* Owns.storyboard */,
			);
			path = Watchlist;
			sourceTree = "<group>";
		};
		3BB5811E2C460F2300378F66 /* Fund */ = {
			isa = PBXGroup;
			children = (
				3B24D6012C5B92ED00CB3008 /* Fund.storyboard */,
			);
			path = Fund;
			sourceTree = "<group>";
		};
		3BB5811F2C460F2C00378F66 /* Mine */ = {
			isa = PBXGroup;
			children = (
				3B24D6032C5B931700CB3008 /* Mine.storyboard */,
			);
			path = Mine;
			sourceTree = "<group>";
		};
		3BB581202C460F3500378F66 /* Tools */ = {
			isa = PBXGroup;
			children = (
				3BACDC662C522F1500D2C43D /* Observable.swift */,
				3BB5866A2C466D9E00378F66 /* UIImage+Extensions.swift */,
				3BB5866C2C4679C600378F66 /* UIViewController+Extensions.swift */,
				3B98BDC32C58F20C000DF638 /* UITabBar+Extension.swift */,
				3B24D5F92C5B821400CB3008 /* Common.swift */,
			);
			path = Tools;
			sourceTree = "<group>";
		};
		3BB581212C460F9E00378F66 /* Views */ = {
			isa = PBXGroup;
			children = (
				3B98BE102C5B6480000DF638 /* Home.storyboard */,
				3BB581242C460FCA00378F66 /* HomeViewController.swift */,
				3B8231C62C51DBBC00425B7D /* HomeTableViewCell.swift */,
				3B24D5F52C5B794400CB3008 /* HomeNavigationBar.swift */,
				3B24D5F72C5B795300CB3008 /* HomeNavigationBar.xib */,
			);
			path = Views;
			sourceTree = "<group>";
		};
		3BB581222C460FA400378F66 /* Models */ = {
			isa = PBXGroup;
			children = (
				3BACDC5F2C5224EE00D2C43D /* HomeFlowModel.swift */,
			);
			path = Models;
			sourceTree = "<group>";
		};
		3BB581232C460FA900378F66 /* ViewModels */ = {
			isa = PBXGroup;
			children = (
				3BACDC5A2C521D4700D2C43D /* HomeViewModel.swift */,
				3BACDC682C52302C00D2C43D /* HomeCellViewModel.swift */,
			);
			path = ViewModels;
			sourceTree = "<group>";
		};
		3BB581262C460FE100378F66 /* Base */ = {
			isa = PBXGroup;
			children = (
				3BB581272C460FFF00378F66 /* BaseNavigationController.swift */,
				3BB581292C4610DC00378F66 /* BaseViewController.swift */,
				3BB583442C464D7400378F66 /* BaseTabBarController.swift */,
			);
			path = Base;
			sourceTree = "<group>";
		};
		3BC081FE2C8FE79B005BCB71 /* Views */ = {
			isa = PBXGroup;
			children = (
				3BC081FF2C8FE7C2005BCB71 /* MarketsBlockView.swift */,
				3BC082012C8FEB02005BCB71 /* MarketsBlockGroupView.swift */,
				3B8EC55A2C90210000D64E77 /* MarketsIconGroupView.swift */,
				3BAF45D62C903CF6002064D9 /* MarketsSectionHeaderView.swift */,
			);
			path = Views;
			sourceTree = "<group>";
		};
		3BE6EA922C86EB66000C00C7 /* Market */ = {
			isa = PBXGroup;
			children = (
				3BC081FE2C8FE79B005BCB71 /* Views */,
				3BE6EA932C86EB6D000C00C7 /* Controller */,
			);
			path = Market;
			sourceTree = "<group>";
		};
		3BE6EA932C86EB6D000C00C7 /* Controller */ = {
			isa = PBXGroup;
			children = (
				3BE6EA942C86EB80000C00C7 /* MarketsController.swift */,
				3BE6EA962C86FB1F000C00C7 /* MarketsAViewController.swift */,
				3BC081FA2C8FE6C5005BCB71 /* MarketsHSViewController.swift */,
			);
			path = Controller;
			sourceTree = "<group>";
		};
		9C5BD471113397DCD485D27D /* Pods */ = {
			isa = PBXGroup;
			children = (
				AC1224AA378DC101E43323AA /* Pods-Snow.debug.xcconfig */,
				934FF5F750C686C8F05C7EE8 /* Pods-Snow.release.xcconfig */,
			);
			path = Pods;
			sourceTree = "<group>";
		};
		B1E5A2FDFB74661F1A5C1226 /* Frameworks */ = {
			isa = PBXGroup;
			children = (
				6AF99AA0EAA4AC3D4EBB86A5 /* Pods_Snow.framework */,
			);
			name = Frameworks;
			sourceTree = "<group>";
		};
/* End PBXGroup section */

/* Begin PBXNativeTarget section */
		3BB580302C46017200378F66 /* Snow */ = {
			isa = PBXNativeTarget;
			buildConfigurationList = 3BB580452C46017500378F66 /* Build configuration list for PBXNativeTarget "Snow" */;
			buildPhases = (
				63772223ED65EFCEE64F65E2 /* [CP] Check Pods Manifest.lock */,
				3BB5802D2C46017200378F66 /* Sources */,
				3BB5802E2C46017200378F66 /* Frameworks */,
				3BB5802F2C46017200378F66 /* Resources */,
				DE7576ABD627325FED21D95F /* [CP] Embed Pods Frameworks */,
				3B7B45C32C7C1AB60053A4B6 /* Embed Frameworks */,
			);
			buildRules = (
			);
			dependencies = (
			);
			name = Snow;
			productName = Snow;
			productReference = 3BB580312C46017200378F66 /* Snow.app */;
			productType = "com.apple.product-type.application";
		};
/* End PBXNativeTarget section */

/* Begin PBXProject section */
		3BB580292C46017200378F66 /* Project object */ = {
			isa = PBXProject;
			attributes = {
				BuildIndependentTargetsInParallel = 1;
				LastSwiftUpdateCheck = 1500;
				LastUpgradeCheck = 1500;
				TargetAttributes = {
					3BB580302C46017200378F66 = {
						CreatedOnToolsVersion = 15.0;
					};
				};
			};
			buildConfigurationList = 3BB5802C2C46017200378F66 /* Build configuration list for PBXProject "Snow" */;
			compatibilityVersion = "Xcode 14.0";
			developmentRegion = en;
			hasScannedForEncodings = 0;
			knownRegions = (
				en,
				Base,
			);
			mainGroup = 3BB580282C46017200378F66;
			productRefGroup = 3BB580322C46017200378F66 /* Products */;
			projectDirPath = "";
			projectReferences = (
				{
					ProductGroup = 3B96E12F2C8939DB00C17AE5 /* Products */;
					ProjectRef = 3B96E12E2C8939DB00C17AE5 /* TGCoreKit.xcodeproj */;
				},
			);
			projectRoot = "";
			targets = (
				3BB580302C46017200378F66 /* Snow */,
			);
		};
/* End PBXProject section */

/* Begin PBXReferenceProxy section */
		3B96E1342C8939DB00C17AE5 /* TGCoreKit.framework */ = {
			isa = PBXReferenceProxy;
			fileType = wrapper.framework;
			path = TGCoreKit.framework;
			remoteRef = 3B96E1332C8939DB00C17AE5 /* PBXContainerItemProxy */;
			sourceTree = BUILT_PRODUCTS_DIR;
		};
		3B96E1362C8939DB00C17AE5 /* TGCoreKitTests.xctest */ = {
			isa = PBXReferenceProxy;
			fileType = wrapper.cfbundle;
			path = TGCoreKitTests.xctest;
			remoteRef = 3B96E1352C8939DB00C17AE5 /* PBXContainerItemProxy */;
			sourceTree = BUILT_PRODUCTS_DIR;
		};
/* End PBXReferenceProxy section */

/* Begin PBXResourcesBuildPhase section */
		3BB5802F2C46017200378F66 /* Resources */ = {
			isa = PBXResourcesBuildPhase;
			buildActionMask = 2147483647;
			files = (
				3B24D5F02C5B708B00CB3008 /* DIN-Bold.otf in Resources */,
				3B98BE0B2C5B61EE000DF638 /* tabbar_pe_night.json in Resources */,
				3B98BE0A2C5B61EE000DF638 /* tabbar_home.json in Resources */,
				3B98BE082C5B61EE000DF638 /* tabbar_fund_day.json in Resources */,
				3B24D6022C5B92ED00CB3008 /* Fund.storyboard in Resources */,
				3B98BE0C2C5B61EE000DF638 /* tabbar_me_day.json in Resources */,
				3B98BE092C5B61EE000DF638 /* tabbar_owns_night.json in Resources */,
				3B24D6042C5B931700CB3008 /* Mine.storyboard in Resources */,
				3B24D5F12C5B708B00CB3008 /* DIN-Regular.otf in Resources */,
				3BB580412C46017500378F66 /* LaunchScreen.storyboard in Resources */,
				3B98BE0F2C5B61EE000DF638 /* tabbar_pe_day.json in Resources */,
				3BB5803E2C46017500378F66 /* Assets.xcassets in Resources */,
				3B98BE0D2C5B61EE000DF638 /* tabbar_fund_night.json in Resources */,
				3B24D6002C5B92CA00CB3008 /* Owns.storyboard in Resources */,
				3B24D5F82C5B795300CB3008 /* HomeNavigationBar.xib in Resources */,
				3BB5803C2C46017200378F66 /* Main.storyboard in Resources */,
				3B24D5EF2C5B708B00CB3008 /* DIN-Medium.otf in Resources */,
				3B98BE072C5B61EE000DF638 /* tabbar_me_night.json in Resources */,
				3B98BE0E2C5B61EE000DF638 /* tabbar_owns_day.json in Resources */,
				3B98BE112C5B6480000DF638 /* Home.storyboard in Resources */,
			);
			runOnlyForDeploymentPostprocessing = 0;
		};
/* End PBXResourcesBuildPhase section */

/* Begin PBXShellScriptBuildPhase section */
		63772223ED65EFCEE64F65E2 /* [CP] Check Pods Manifest.lock */ = {
			isa = PBXShellScriptBuildPhase;
			buildActionMask = 2147483647;
			files = (
			);
			inputFileListPaths = (
			);
			inputPaths = (
				"${PODS_PODFILE_DIR_PATH}/Podfile.lock",
				"${PODS_ROOT}/Manifest.lock",
			);
			name = "[CP] Check Pods Manifest.lock";
			outputFileListPaths = (
			);
			outputPaths = (
				"$(DERIVED_FILE_DIR)/Pods-Snow-checkManifestLockResult.txt",
			);
			runOnlyForDeploymentPostprocessing = 0;
			shellPath = /bin/sh;
			shellScript = "diff \"${PODS_PODFILE_DIR_PATH}/Podfile.lock\" \"${PODS_ROOT}/Manifest.lock\" > /dev/null\nif [ $? != 0 ] ; then\n    # print error to STDERR\n    echo \"error: The sandbox is not in sync with the Podfile.lock. Run 'pod install' or update your CocoaPods installation.\" >&2\n    exit 1\nfi\n# This output is used by Xcode 'outputs' to avoid re-running this script phase.\necho \"SUCCESS\" > \"${SCRIPT_OUTPUT_FILE_0}\"\n";
			showEnvVarsInLog = 0;
		};
		DE7576ABD627325FED21D95F /* [CP] Embed Pods Frameworks */ = {
			isa = PBXShellScriptBuildPhase;
			buildActionMask = 2147483647;
			files = (
			);
			inputFileListPaths = (
				"${PODS_ROOT}/Target Support Files/Pods-Snow/Pods-Snow-frameworks-${CONFIGURATION}-input-files.xcfilelist",
			);
			name = "[CP] Embed Pods Frameworks";
			outputFileListPaths = (
				"${PODS_ROOT}/Target Support Files/Pods-Snow/Pods-Snow-frameworks-${CONFIGURATION}-output-files.xcfilelist",
			);
			runOnlyForDeploymentPostprocessing = 0;
			shellPath = /bin/sh;
			shellScript = "\"${PODS_ROOT}/Target Support Files/Pods-Snow/Pods-Snow-frameworks.sh\"\n";
			showEnvVarsInLog = 0;
		};
/* End PBXShellScriptBuildPhase section */

/* Begin PBXSourcesBuildPhase section */
		3BB5802D2C46017200378F66 /* Sources */ = {
			isa = PBXSourcesBuildPhase;
			buildActionMask = 2147483647;
			files = (
				3BE087422C85C02600577796 /* ListViewController.swift in Sources */,
				3BAF45D72C903CF6002064D9 /* MarketsSectionHeaderView.swift in Sources */,
				3B24D5F62C5B794400CB3008 /* HomeNavigationBar.swift in Sources */,
				3BE6EA952C86EB80000C00C7 /* MarketsController.swift in Sources */,
				3BACDC672C522F1500D2C43D /* Observable.swift in Sources */,
				3B7B45C72C7C1B7F0053A4B6 /* SnowHeader.swift in Sources */,
				3BB583452C464D7500378F66 /* BaseTabBarController.swift in Sources */,
				3BB5812A2C4610DC00378F66 /* BaseViewController.swift in Sources */,
				3B2FCB102C731AD400928702 /* StockData.swift in Sources */,
				3BC082022C8FEB02005BCB71 /* MarketsBlockGroupView.swift in Sources */,
				3BACDC592C51FDCB00D2C43D /* NetworkTool.swift in Sources */,
				3BC081FB2C8FE6C5005BCB71 /* MarketsHSViewController.swift in Sources */,
				3B98BDC42C58F20C000DF638 /* UITabBar+Extension.swift in Sources */,
				3BA678082C7F0F4A000A505E /* IndividualTestController.swift in Sources */,
				3B8231C72C51DBBC00425B7D /* HomeTableViewCell.swift in Sources */,
				3BB5866D2C4679C600378F66 /* UIViewController+Extensions.swift in Sources */,
				3BACDC692C52302C00D2C43D /* HomeCellViewModel.swift in Sources */,
				3B2BACCD2C72F67B00CCA3F2 /* IndividualViewModel.swift in Sources */,
				3B2BACCA2C72F61400CCA3F2 /* IndividualController.swift in Sources */,
				3B24D5FA2C5B821400CB3008 /* Common.swift in Sources */,
				3BACDC5E2C521D8400D2C43D /* HomeService.swift in Sources */,
				3BB581282C460FFF00378F66 /* BaseNavigationController.swift in Sources */,
				3BA678062C7EFECB000A505E /* TestEViewController.swift in Sources */,
				3BC082002C8FE7C2005BCB71 /* MarketsBlockView.swift in Sources */,
				3BE0873B2C85AFC100577796 /* IndividualStockController.swift in Sources */,
				3BB580352C46017200378F66 /* AppDelegate.swift in Sources */,
				3BE6EA972C86FB1F000C00C7 /* MarketsAViewController.swift in Sources */,
				3B1D33AD2C7C6E2300E248AA /* TestDViewController.swift in Sources */,
				3BACDC602C5224EE00D2C43D /* HomeFlowModel.swift in Sources */,
				3BB580372C46017200378F66 /* SceneDelegate.swift in Sources */,
				3B7B45B72C7C1A5D0053A4B6 /* CustomTextField.swift in Sources */,
				3B8EC55B2C90210000D64E77 /* MarketsIconGroupView.swift in Sources */,
				3BB5866B2C466D9E00378F66 /* UIImage+Extensions.swift in Sources */,
				3BB581252C460FCA00378F66 /* HomeViewController.swift in Sources */,
				3B7B45CE2C7C1EF40053A4B6 /* IndividualContainerController.swift in Sources */,
				3BACDC5B2C521D4700D2C43D /* HomeViewModel.swift in Sources */,
			);
			runOnlyForDeploymentPostprocessing = 0;
		};
/* End PBXSourcesBuildPhase section */

/* Begin PBXVariantGroup section */
		3BB5803A2C46017200378F66 /* Main.storyboard */ = {
			isa = PBXVariantGroup;
			children = (
				3BB5803B2C46017200378F66 /* Base */,
			);
			name = Main.storyboard;
			sourceTree = "<group>";
		};
		3BB5803F2C46017500378F66 /* LaunchScreen.storyboard */ = {
			isa = PBXVariantGroup;
			children = (
				3BB580402C46017500378F66 /* Base */,
			);
			name = LaunchScreen.storyboard;
			sourceTree = "<group>";
		};
/* End PBXVariantGroup section */

/* Begin XCBuildConfiguration section */
		3BB580432C46017500378F66 /* Debug */ = {
			isa = XCBuildConfiguration;
			buildSettings = {
				ALWAYS_SEARCH_USER_PATHS = NO;
				ASSETCATALOG_COMPILER_GENERATE_SWIFT_ASSET_SYMBOL_EXTENSIONS = YES;
				CLANG_ANALYZER_NONNULL = YES;
				CLANG_ANALYZER_NUMBER_OBJECT_CONVERSION = YES_AGGRESSIVE;
				CLANG_CXX_LANGUAGE_STANDARD = "gnu++20";
				CLANG_ENABLE_MODULES = YES;
				CLANG_ENABLE_OBJC_ARC = YES;
				CLANG_ENABLE_OBJC_WEAK = YES;
				CLANG_WARN_BLOCK_CAPTURE_AUTORELEASING = YES;
				CLANG_WARN_BOOL_CONVERSION = YES;
				CLANG_WARN_COMMA = YES;
				CLANG_WARN_CONSTANT_CONVERSION = YES;
				CLANG_WARN_DEPRECATED_OBJC_IMPLEMENTATIONS = YES;
				CLANG_WARN_DIRECT_OBJC_ISA_USAGE = YES_ERROR;
				CLANG_WARN_DOCUMENTATION_COMMENTS = YES;
				CLANG_WARN_EMPTY_BODY = YES;
				CLANG_WARN_ENUM_CONVERSION = YES;
				CLANG_WARN_INFINITE_RECURSION = YES;
				CLANG_WARN_INT_CONVERSION = YES;
				CLANG_WARN_NON_LITERAL_NULL_CONVERSION = YES;
				CLANG_WARN_OBJC_IMPLICIT_RETAIN_SELF = YES;
				CLANG_WARN_OBJC_LITERAL_CONVERSION = YES;
				CLANG_WARN_OBJC_ROOT_CLASS = YES_ERROR;
				CLANG_WARN_QUOTED_INCLUDE_IN_FRAMEWORK_HEADER = YES;
				CLANG_WARN_RANGE_LOOP_ANALYSIS = YES;
				CLANG_WARN_STRICT_PROTOTYPES = YES;
				CLANG_WARN_SUSPICIOUS_MOVE = YES;
				CLANG_WARN_UNGUARDED_AVAILABILITY = YES_AGGRESSIVE;
				CLANG_WARN_UNREACHABLE_CODE = YES;
				CLANG_WARN__DUPLICATE_METHOD_MATCH = YES;
				COPY_PHASE_STRIP = NO;
				DEBUG_INFORMATION_FORMAT = dwarf;
				ENABLE_STRICT_OBJC_MSGSEND = YES;
				ENABLE_TESTABILITY = YES;
				ENABLE_USER_SCRIPT_SANDBOXING = YES;
				GCC_C_LANGUAGE_STANDARD = gnu17;
				GCC_DYNAMIC_NO_PIC = NO;
				GCC_NO_COMMON_BLOCKS = YES;
				GCC_OPTIMIZATION_LEVEL = 0;
				GCC_PREPROCESSOR_DEFINITIONS = (
					"DEBUG=1",
					"$(inherited)",
				);
				GCC_WARN_64_TO_32_BIT_CONVERSION = YES;
				GCC_WARN_ABOUT_RETURN_TYPE = YES_ERROR;
				GCC_WARN_UNDECLARED_SELECTOR = YES;
				GCC_WARN_UNINITIALIZED_AUTOS = YES_AGGRESSIVE;
				GCC_WARN_UNUSED_FUNCTION = YES;
				GCC_WARN_UNUSED_VARIABLE = YES;
				IPHONEOS_DEPLOYMENT_TARGET = 17.0;
				LOCALIZATION_PREFERS_STRING_CATALOGS = YES;
				MTL_ENABLE_DEBUG_INFO = INCLUDE_SOURCE;
				MTL_FAST_MATH = YES;
				ONLY_ACTIVE_ARCH = YES;
				SDKROOT = iphoneos;
				SWIFT_ACTIVE_COMPILATION_CONDITIONS = "DEBUG $(inherited)";
				SWIFT_OPTIMIZATION_LEVEL = "-Onone";
			};
			name = Debug;
		};
		3BB580442C46017500378F66 /* Release */ = {
			isa = XCBuildConfiguration;
			buildSettings = {
				ALWAYS_SEARCH_USER_PATHS = NO;
				ASSETCATALOG_COMPILER_GENERATE_SWIFT_ASSET_SYMBOL_EXTENSIONS = YES;
				CLANG_ANALYZER_NONNULL = YES;
				CLANG_ANALYZER_NUMBER_OBJECT_CONVERSION = YES_AGGRESSIVE;
				CLANG_CXX_LANGUAGE_STANDARD = "gnu++20";
				CLANG_ENABLE_MODULES = YES;
				CLANG_ENABLE_OBJC_ARC = YES;
				CLANG_ENABLE_OBJC_WEAK = YES;
				CLANG_WARN_BLOCK_CAPTURE_AUTORELEASING = YES;
				CLANG_WARN_BOOL_CONVERSION = YES;
				CLANG_WARN_COMMA = YES;
				CLANG_WARN_CONSTANT_CONVERSION = YES;
				CLANG_WARN_DEPRECATED_OBJC_IMPLEMENTATIONS = YES;
				CLANG_WARN_DIRECT_OBJC_ISA_USAGE = YES_ERROR;
				CLANG_WARN_DOCUMENTATION_COMMENTS = YES;
				CLANG_WARN_EMPTY_BODY = YES;
				CLANG_WARN_ENUM_CONVERSION = YES;
				CLANG_WARN_INFINITE_RECURSION = YES;
				CLANG_WARN_INT_CONVERSION = YES;
				CLANG_WARN_NON_LITERAL_NULL_CONVERSION = YES;
				CLANG_WARN_OBJC_IMPLICIT_RETAIN_SELF = YES;
				CLANG_WARN_OBJC_LITERAL_CONVERSION = YES;
				CLANG_WARN_OBJC_ROOT_CLASS = YES_ERROR;
				CLANG_WARN_QUOTED_INCLUDE_IN_FRAMEWORK_HEADER = YES;
				CLANG_WARN_RANGE_LOOP_ANALYSIS = YES;
				CLANG_WARN_STRICT_PROTOTYPES = YES;
				CLANG_WARN_SUSPICIOUS_MOVE = YES;
				CLANG_WARN_UNGUARDED_AVAILABILITY = YES_AGGRESSIVE;
				CLANG_WARN_UNREACHABLE_CODE = YES;
				CLANG_WARN__DUPLICATE_METHOD_MATCH = YES;
				COPY_PHASE_STRIP = NO;
				DEBUG_INFORMATION_FORMAT = "dwarf-with-dsym";
				ENABLE_NS_ASSERTIONS = NO;
				ENABLE_STRICT_OBJC_MSGSEND = YES;
				ENABLE_USER_SCRIPT_SANDBOXING = YES;
				GCC_C_LANGUAGE_STANDARD = gnu17;
				GCC_NO_COMMON_BLOCKS = YES;
				GCC_WARN_64_TO_32_BIT_CONVERSION = YES;
				GCC_WARN_ABOUT_RETURN_TYPE = YES_ERROR;
				GCC_WARN_UNDECLARED_SELECTOR = YES;
				GCC_WARN_UNINITIALIZED_AUTOS = YES_AGGRESSIVE;
				GCC_WARN_UNUSED_FUNCTION = YES;
				GCC_WARN_UNUSED_VARIABLE = YES;
				IPHONEOS_DEPLOYMENT_TARGET = 17.0;
				LOCALIZATION_PREFERS_STRING_CATALOGS = YES;
				MTL_ENABLE_DEBUG_INFO = NO;
				MTL_FAST_MATH = YES;
				SDKROOT = iphoneos;
				SWIFT_COMPILATION_MODE = wholemodule;
				VALIDATE_PRODUCT = YES;
			};
			name = Release;
		};
		3BB580462C46017500378F66 /* Debug */ = {
			isa = XCBuildConfiguration;
			baseConfigurationReference = AC1224AA378DC101E43323AA /* Pods-Snow.debug.xcconfig */;
			buildSettings = {
				ASSETCATALOG_COMPILER_APPICON_NAME = AppIcon;
				ASSETCATALOG_COMPILER_GLOBAL_ACCENT_COLOR_NAME = AccentColor;
				CODE_SIGN_IDENTITY = "Apple Development";
				CODE_SIGN_STYLE = Automatic;
				CURRENT_PROJECT_VERSION = 1;
				DEVELOPMENT_TEAM = 2HQ3E92U25;
				ENABLE_USER_SCRIPT_SANDBOXING = NO;
				GENERATE_INFOPLIST_FILE = YES;
				INFOPLIST_FILE = Snow/Info.plist;
				INFOPLIST_KEY_UIApplicationSupportsIndirectInputEvents = YES;
				INFOPLIST_KEY_UILaunchStoryboardName = LaunchScreen.storyboard;
				INFOPLIST_KEY_UIMainStoryboardFile = Main;
				INFOPLIST_KEY_UISupportedInterfaceOrientations_iPad = "UIInterfaceOrientationPortrait UIInterfaceOrientationPortraitUpsideDown UIInterfaceOrientationLandscapeLeft UIInterfaceOrientationLandscapeRight";
				INFOPLIST_KEY_UISupportedInterfaceOrientations_iPhone = "UIInterfaceOrientationPortrait UIInterfaceOrientationLandscapeLeft UIInterfaceOrientationLandscapeRight";
				IPHONEOS_DEPLOYMENT_TARGET = 16.0;
				LD_RUNPATH_SEARCH_PATHS = (
					"$(inherited)",
					"@executable_path/Frameworks",
				);
				MARKETING_VERSION = 1.0;
				PRODUCT_BUNDLE_IDENTIFIER = com.kim.xiao.Snow;
				PRODUCT_NAME = "$(TARGET_NAME)";
				PROVISIONING_PROFILE_SPECIFIER = "";
				SWIFT_EMIT_LOC_STRINGS = YES;
				SWIFT_VERSION = 5.0;
				TARGETED_DEVICE_FAMILY = "1,2";
			};
			name = Debug;
		};
		3BB580472C46017500378F66 /* Release */ = {
			isa = XCBuildConfiguration;
			baseConfigurationReference = 934FF5F750C686C8F05C7EE8 /* Pods-Snow.release.xcconfig */;
			buildSettings = {
				ASSETCATALOG_COMPILER_APPICON_NAME = AppIcon;
				ASSETCATALOG_COMPILER_GLOBAL_ACCENT_COLOR_NAME = AccentColor;
				CODE_SIGN_IDENTITY = "Apple Development";
				CODE_SIGN_STYLE = Automatic;
				CURRENT_PROJECT_VERSION = 1;
				DEVELOPMENT_TEAM = 2HQ3E92U25;
				ENABLE_USER_SCRIPT_SANDBOXING = NO;
				GENERATE_INFOPLIST_FILE = YES;
				INFOPLIST_FILE = Snow/Info.plist;
				INFOPLIST_KEY_UIApplicationSupportsIndirectInputEvents = YES;
				INFOPLIST_KEY_UILaunchStoryboardName = LaunchScreen.storyboard;
				INFOPLIST_KEY_UIMainStoryboardFile = Main;
				INFOPLIST_KEY_UISupportedInterfaceOrientations_iPad = "UIInterfaceOrientationPortrait UIInterfaceOrientationPortraitUpsideDown UIInterfaceOrientationLandscapeLeft UIInterfaceOrientationLandscapeRight";
				INFOPLIST_KEY_UISupportedInterfaceOrientations_iPhone = "UIInterfaceOrientationPortrait UIInterfaceOrientationLandscapeLeft UIInterfaceOrientationLandscapeRight";
				IPHONEOS_DEPLOYMENT_TARGET = 16.0;
				LD_RUNPATH_SEARCH_PATHS = (
					"$(inherited)",
					"@executable_path/Frameworks",
				);
				MARKETING_VERSION = 1.0;
				PRODUCT_BUNDLE_IDENTIFIER = com.kim.xiao.Snow;
				PRODUCT_NAME = "$(TARGET_NAME)";
				PROVISIONING_PROFILE_SPECIFIER = "";
				SWIFT_EMIT_LOC_STRINGS = YES;
				SWIFT_VERSION = 5.0;
				TARGETED_DEVICE_FAMILY = "1,2";
			};
			name = Release;
		};
/* End XCBuildConfiguration section */

/* Begin XCConfigurationList section */
		3BB5802C2C46017200378F66 /* Build configuration list for PBXProject "Snow" */ = {
			isa = XCConfigurationList;
			buildConfigurations = (
				3BB580432C46017500378F66 /* Debug */,
				3BB580442C46017500378F66 /* Release */,
			);
			defaultConfigurationIsVisible = 0;
			defaultConfigurationName = Release;
		};
		3BB580452C46017500378F66 /* Build configuration list for PBXNativeTarget "Snow" */ = {
			isa = XCConfigurationList;
			buildConfigurations = (
				3BB580462C46017500378F66 /* Debug */,
				3BB580472C46017500378F66 /* Release */,
			);
			defaultConfigurationIsVisible = 0;
			defaultConfigurationName = Release;
		};
/* End XCConfigurationList section */
	};
	rootObject = 3BB580292C46017200378F66 /* Project object */;
}
